{
  "name": "cjs-playground",
  "lockfileVersion": 3,
  "requires": true,
  "packages": {
    "": {
      "name": "cjs-playground",
      "dependencies": {
        "my-lib": "file:../../my-lib"
      }
    },
    "../../my-lib": {
      "version": "1.0.0"
    },
    "node_modules/my-lib": {
      "resolved": "../../my-lib",
      "link": true
    }
  }
}
